
Microsoft Visual Studio Solution File, Format Version 12.00
# Visual Studio Version 16
VisualStudioVersion = 16.0.29709.97
MinimumVisualStudioVersion = 10.0.40219.1
Project("{9A19103F-16F7-4668-BE54-9A1E7A4F7556}") = "Core", "Core\Core.csproj", "{0010BC28-5E84-461C-9578-873BA0663B6A}"
EndProject
Project("{9A19103F-16F7-4668-BE54-9A1E7A4F7556}") = "Boundaries.Persistence", "Boundaries.Persistence\Boundaries.Persistence.csproj", "{D34B7E90-AC9D-45F9-85D1-D776A2221F95}"
EndProject
Project("{FAE04EC0-301F-11D3-BF4B-00C04F79EFBC}") = "Permisos.Api", "Permisos.Api\Permisos.Api.csproj", "{CE673A86-92B9-4C2E-AC83-35B204FC6924}"
EndProject
Global
	GlobalSection(SolutionConfigurationPlatforms) = preSolution
		Debug|Any CPU = Debug|Any CPU
		Release|Any CPU = Release|Any CPU
	EndGlobalSection
	GlobalSection(ProjectConfigurationPlatforms) = postSolution
		{0010BC28-5E84-461C-9578-873BA0663B6A}.Debug|Any CPU.ActiveCfg = Debug|Any CPU
		{0010BC28-5E84-461C-9578-873BA0663B6A}.Debug|Any CPU.Build.0 = Debug|Any CPU
		{0010BC28-5E84-461C-9578-873BA0663B6A}.Release|Any CPU.ActiveCfg = Release|Any CPU
		{0010BC28-5E84-461C-9578-873BA0663B6A}.Release|Any CPU.Build.0 = Release|Any CPU
		{D34B7E90-AC9D-45F9-85D1-D776A2221F95}.Debug|Any CPU.ActiveCfg = Debug|Any CPU
		{D34B7E90-AC9D-45F9-85D1-D776A2221F95}.Debug|Any CPU.Build.0 = Debug|Any CPU
		{D34B7E90-AC9D-45F9-85D1-D776A2221F95}.Release|Any CPU.ActiveCfg = Release|Any CPU
		{D34B7E90-AC9D-45F9-85D1-D776A2221F95}.Release|Any CPU.Build.0 = Release|Any CPU
		{CE673A86-92B9-4C2E-AC83-35B204FC6924}.Debug|Any CPU.ActiveCfg = Debug|Any CPU
		{CE673A86-92B9-4C2E-AC83-35B204FC6924}.Debug|Any CPU.Build.0 = Debug|Any CPU
		{CE673A86-92B9-4C2E-AC83-35B204FC6924}.Release|Any CPU.ActiveCfg = Release|Any CPU
		{CE673A86-92B9-4C2E-AC83-35B204FC6924}.Release|Any CPU.Build.0 = Release|Any CPU
	EndGlobalSection
	GlobalSection(SolutionProperties) = preSolution
		HideSolutionNode = FALSE
	EndGlobalSection
	GlobalSection(ExtensibilityGlobals) = postSolution
		SolutionGuid = {C3406E56-9561-4E99-8175-8DD970347648}
	EndGlobalSection
EndGlobal
